PODS:
  - hpple (0.2.0)
  - Realm (3.7.4):
    - Realm/Headers (= 3.7.4)
  - Realm/Headers (3.7.4)
  - SDWebImage (0.0.1):
    - SDWebImage/Core (= 0.0.1)
  - SDWebImage/Core (0.0.1)

DEPENDENCIES:
  - hpple (~> 0.2)
  - Realm
  - SDWebImage (~> 0.0.1)

SPEC REPOS:
  https://github.com/cocoapods/specs.git:
    - hpple
    - Realm
  https://github.com/Unibrighter/unibrighter-pods.git:
    - SDWebImage

SPEC CHECKSUMS:
  hpple: 3b765f96fc2cd56ad1a49aef6f7be5cb2aa64b57
  Realm: a469bb59e33f9926102ccaea4349822c53b9117e
  SDWebImage: 3a803d5ff2327f5854923cca64bb605b02d56f2d

PODFILE CHECKSUM: 51c56e960459d343567929aa89793968ff47c245

COCOAPODS: 1.5.3
